lockfileVersion: 5.4

specifiers:
  '@playwright/test': ^1.31.1

devDependencies:
  '@playwright/test': 1.31.1

packages:

  /@playwright/test/1.31.1:
    resolution: {integrity: sha512-IsytVZ+0QLDh1Hj83XatGp/GsI1CDJWbyDaBGbainsh0p2zC7F4toUocqowmjS6sQff2NGT3D9WbDj/3K2CJiA==}
    engines: {node: '>=14'}
    hasBin: true
    dependencies:
      '@types/node': 18.14.1
      playwright-core: 1.31.1
    optionalDependencies:
      fsevents: 2.3.2
    dev: true

  /@types/node/18.14.1:
    resolution: {integrity: sha512-QH+37Qds3E0eDlReeboBxfHbX9omAcBCXEzswCu6jySP642jiM3cYSIkU/REqwhCUqXdonHFuBfJDiAJxMNhaQ==}
    dev: true

  /fsevents/2.3.2:
    resolution: {integrity: sha512-xiqMQR4xAeHTuB9uWm+fFRcIOgKBMiOBP+eXiyT7jsgVCq1bkVygt00oASowB7EdtpOHaaPgKt812P9ab+DDKA==}
    engines: {node: ^8.16.0 || ^10.6.0 || >=11.0.0}
    os: [darwin]
    requiresBuild: true
    dev: true
    optional: true

  /playwright-core/1.31.1:
    resolution: {integrity: sha512-JTyX4kV3/LXsvpHkLzL2I36aCdml4zeE35x+G5aPc4bkLsiRiQshU5lWeVpHFAuC8xAcbI6FDcw/8z3q2xtJSQ==}
    engines: {node: '>=14'}
    hasBin: true
    dev: true
